
Microsoft Visual Studio Solution File, Format Version 12.00
# Visual Studio Version 17
VisualStudioVersion = 17.8.34309.116
MinimumVisualStudioVersion = 10.0.40219.1
Project("{FAE04EC0-301F-11D3-BF4B-00C04F79EFBC}") = "AwesomeDevEvents.API", "AwesomeDevEvents.API\AwesomeDevEvents.API.csproj", "{D724AACD-6AE5-4D09-9DEE-5C216D1E3C3E}"
EndProject
Global
	GlobalSection(SolutionConfigurationPlatforms) = preSolution
		Debug|Any CPU = Debug|Any CPU
		Release|Any CPU = Release|Any CPU
	EndGlobalSection
	GlobalSection(ProjectConfigurationPlatforms) = postSolution
		{D724AACD-6AE5-4D09-9DEE-5C216D1E3C3E}.Debug|Any CPU.ActiveCfg = Debug|Any CPU
		{D724AACD-6AE5-4D09-9DEE-5C216D1E3C3E}.Debug|Any CPU.Build.0 = Debug|Any CPU
		{D724AACD-6AE5-4D09-9DEE-5C216D1E3C3E}.Release|Any CPU.ActiveCfg = Release|Any CPU
		{D724AACD-6AE5-4D09-9DEE-5C216D1E3C3E}.Release|Any CPU.Build.0 = Release|Any CPU
	EndGlobalSection
	GlobalSection(SolutionProperties) = preSolution
		HideSolutionNode = FALSE
	EndGlobalSection
	GlobalSection(ExtensibilityGlobals) = postSolution
		SolutionGuid = {592A6A57-C369-4559-90E2-186776BFA1CB}
	EndGlobalSection
EndGlobal
